// !$*UTF8*$!
{
	archiveVersion = 1;
	classes = {
	};
	objectVersion = 55;
	objects = {

/* Begin PBXBuildFile section */
		B5AE666F2722CAB400EF80DB /* AppDelegate.swift in Sources */ = {isa = PBXBuildFile; fileRef = B5AE666E2722CAB400EF80DB /* AppDelegate.swift */; };
		B5AE66712722CAB400EF80DB /* SceneDelegate.swift in Sources */ = {isa = PBXBuildFile; fileRef = B5AE66702722CAB400EF80DB /* SceneDelegate.swift */; };
		B5AE66732722CAB400EF80DB /* QuestionsViewController.swift in Sources */ = {isa = PBXBuildFile; fileRef = B5AE66722722CAB400EF80DB /* QuestionsViewController.swift */; };
		B5AE66762722CAB400EF80DB /* Main.storyboard in Resources */ = {isa = PBXBuildFile; fileRef = B5AE66742722CAB400EF80DB /* Main.storyboard */; };
		B5AE66782722CAB700EF80DB /* Assets.xcassets in Resources */ = {isa = PBXBuildFile; fileRef = B5AE66772722CAB700EF80DB /* Assets.xcassets */; };
		B5AE667B2722CAB700EF80DB /* LaunchScreen.storyboard in Resources */ = {isa = PBXBuildFile; fileRef = B5AE66792722CAB700EF80DB /* LaunchScreen.storyboard */; };
		B5AE66862722CC2800EF80DB /* User.swift in Sources */ = {isa = PBXBuildFile; fileRef = B5AE66852722CC2800EF80DB /* User.swift */; };
		B5AE66882722D02800EF80DB /* Question.swift in Sources */ = {isa = PBXBuildFile; fileRef = B5AE66872722D02800EF80DB /* Question.swift */; };
		B5AE668A2722D19E00EF80DB /* APIResource.swift in Sources */ = {isa = PBXBuildFile; fileRef = B5AE66892722D19E00EF80DB /* APIResource.swift */; };
		B5AE668C2722D64F00EF80DB /* NetworkRequest.swift in Sources */ = {isa = PBXBuildFile; fileRef = B5AE668B2722D64F00EF80DB /* NetworkRequest.swift */; };
		B5AE669027243A2F00EF80DB /* NetworkError.swift in Sources */ = {isa = PBXBuildFile; fileRef = B5AE668F27243A2E00EF80DB /* NetworkError.swift */; };
		B5AE66922724400E00EF80DB /* QuestionsDataModel.swift in Sources */ = {isa = PBXBuildFile; fileRef = B5AE66912724400E00EF80DB /* QuestionsDataModel.swift */; };
		B5AE66942724427B00EF80DB /* QuestionDataModel.swift in Sources */ = {isa = PBXBuildFile; fileRef = B5AE66932724427B00EF80DB /* QuestionDataModel.swift */; };
		B5AE669627244EB100EF80DB /* Questions.json in Resources */ = {isa = PBXBuildFile; fileRef = B5AE669527244EB100EF80DB /* Questions.json */; };
		B5AE66982724506E00EF80DB /* QuestionTableViewCell.swift in Sources */ = {isa = PBXBuildFile; fileRef = B5AE66972724506E00EF80DB /* QuestionTableViewCell.swift */; };
		B5AE669A272477E900EF80DB /* QuestionsView.swift in Sources */ = {isa = PBXBuildFile; fileRef = B5AE6699272477E900EF80DB /* QuestionsView.swift */; };
		B5AE669C2724BBF700EF80DB /* DetailViewController.swift in Sources */ = {isa = PBXBuildFile; fileRef = B5AE669B2724BBF700EF80DB /* DetailViewController.swift */; };
		B5AE669E2724BC1E00EF80DB /* DetailView.swift in Sources */ = {isa = PBXBuildFile; fileRef = B5AE669D2724BC1E00EF80DB /* DetailView.swift */; };
/* End PBXBuildFile section */

/* Begin PBXFileReference section */
		B5AE666B2722CAB400EF80DB /* Stack top Qs.app */ = {isa = PBXFileReference; explicitFileType = wrapper.application; includeInIndex = 0; path = "Stack top Qs.app"; sourceTree = BUILT_PRODUCTS_DIR; };
		B5AE666E2722CAB400EF80DB /* AppDelegate.swift */ = {isa = PBXFileReference; lastKnownFileType = sourcecode.swift; path = AppDelegate.swift; sourceTree = "<group>"; };
		B5AE66702722CAB400EF80DB /* SceneDelegate.swift */ = {isa = PBXFileReference; lastKnownFileType = sourcecode.swift; path = SceneDelegate.swift; sourceTree = "<group>"; };
		B5AE66722722CAB400EF80DB /* QuestionsViewController.swift */ = {isa = PBXFileReference; lastKnownFileType = sourcecode.swift; path = QuestionsViewController.swift; sourceTree = "<group>"; };
		B5AE66752722CAB400EF80DB /* Base */ = {isa = PBXFileReference; lastKnownFileType = file.storyboard; name = Base; path = Base.lproj/Main.storyboard; sourceTree = "<group>"; };
		B5AE66772722CAB700EF80DB /* Assets.xcassets */ = {isa = PBXFileReference; lastKnownFileType = folder.assetcatalog; path = Assets.xcassets; sourceTree = "<group>"; };
		B5AE667A2722CAB700EF80DB /* Base */ = {isa = PBXFileReference; lastKnownFileType = file.storyboard; name = Base; path = Base.lproj/LaunchScreen.storyboard; sourceTree = "<group>"; };
		B5AE667C2722CAB700EF80DB /* Info.plist */ = {isa = PBXFileReference; lastKnownFileType = text.plist.xml; path = Info.plist; sourceTree = "<group>"; };
		B5AE66852722CC2800EF80DB /* User.swift */ = {isa = PBXFileReference; lastKnownFileType = sourcecode.swift; path = User.swift; sourceTree = "<group>"; };
		B5AE66872722D02800EF80DB /* Question.swift */ = {isa = PBXFileReference; lastKnownFileType = sourcecode.swift; path = Question.swift; sourceTree = "<group>"; };
		B5AE66892722D19E00EF80DB /* APIResource.swift */ = {isa = PBXFileReference; lastKnownFileType = sourcecode.swift; path = APIResource.swift; sourceTree = "<group>"; };
		B5AE668B2722D64F00EF80DB /* NetworkRequest.swift */ = {isa = PBXFileReference; lastKnownFileType = sourcecode.swift; path = NetworkRequest.swift; sourceTree = "<group>"; };
		B5AE668F27243A2E00EF80DB /* NetworkError.swift */ = {isa = PBXFileReference; lastKnownFileType = sourcecode.swift; path = NetworkError.swift; sourceTree = "<group>"; };
		B5AE66912724400E00EF80DB /* QuestionsDataModel.swift */ = {isa = PBXFileReference; lastKnownFileType = sourcecode.swift; path = QuestionsDataModel.swift; sourceTree = "<group>"; };
		B5AE66932724427B00EF80DB /* QuestionDataModel.swift */ = {isa = PBXFileReference; lastKnownFileType = sourcecode.swift; path = QuestionDataModel.swift; sourceTree = "<group>"; };
		B5AE669527244EB100EF80DB /* Questions.json */ = {isa = PBXFileReference; fileEncoding = 4; lastKnownFileType = text.json; path = Questions.json; sourceTree = "<group>"; };
		B5AE66972724506E00EF80DB /* QuestionTableViewCell.swift */ = {isa = PBXFileReference; lastKnownFileType = sourcecode.swift; path = QuestionTableViewCell.swift; sourceTree = "<group>"; };
		B5AE6699272477E900EF80DB /* QuestionsView.swift */ = {isa = PBXFileReference; lastKnownFileType = sourcecode.swift; path = QuestionsView.swift; sourceTree = "<group>"; };
		B5AE669B2724BBF700EF80DB /* DetailViewController.swift */ = {isa = PBXFileReference; lastKnownFileType = sourcecode.swift; name = DetailViewController.swift; path = "Stack top Qs/Controllers/DetailViewController.swift"; sourceTree = SOURCE_ROOT; };
		B5AE669D2724BC1E00EF80DB /* DetailView.swift */ = {isa = PBXFileReference; lastKnownFileType = sourcecode.swift; path = DetailView.swift; sourceTree = "<group>"; };
/* End PBXFileReference section */

/* Begin PBXFrameworksBuildPhase section */
		B5AE66682722CAB400EF80DB /* Frameworks */ = {
			isa = PBXFrameworksBuildPhase;
			buildActionMask = 2147483647;
			files = (
			);
			runOnlyForDeploymentPostprocessing = 0;
		};
/* End PBXFrameworksBuildPhase section */

/* Begin PBXGroup section */
		B5AE66622722CAB400EF80DB = {
			isa = PBXGroup;
			children = (
				B5AE666D2722CAB400EF80DB /* Stack top Qs */,
				B5AE666C2722CAB400EF80DB /* Products */,
			);
			sourceTree = "<group>";
		};
		B5AE666C2722CAB400EF80DB /* Products */ = {
			isa = PBXGroup;
			children = (
				B5AE666B2722CAB400EF80DB /* Stack top Qs.app */,
			);
			name = Products;
			sourceTree = "<group>";
		};
		B5AE666D2722CAB400EF80DB /* Stack top Qs */ = {
			isa = PBXGroup;
			children = (
				B5AE666E2722CAB400EF80DB /* AppDelegate.swift */,
				B5AE66702722CAB400EF80DB /* SceneDelegate.swift */,
				B5AE667C2722CAB700EF80DB /* Info.plist */,
				B5AE66842722CBCF00EF80DB /* Resources */,
				B5AE66822722CB9600EF80DB /* Model */,
				B5AE668E272438DE00EF80DB /* Controllers */,
				B5AE668D272438C600EF80DB /* View */,
			);
			path = "Stack top Qs";
			sourceTree = "<group>";
		};
		B5AE66822722CB9600EF80DB /* Model */ = {
			isa = PBXGroup;
			children = (
				B5AE66912724400E00EF80DB /* QuestionsDataModel.swift */,
				B5AE66932724427B00EF80DB /* QuestionDataModel.swift */,
				B5AE66832722CB9E00EF80DB /* Network */,
				B5AE66852722CC2800EF80DB /* User.swift */,
				B5AE66872722D02800EF80DB /* Question.swift */,
			);
			path = Model;
			sourceTree = "<group>";
		};
		B5AE66832722CB9E00EF80DB /* Network */ = {
			isa = PBXGroup;
			children = (
				B5AE66892722D19E00EF80DB /* APIResource.swift */,
				B5AE668B2722D64F00EF80DB /* NetworkRequest.swift */,
				B5AE668F27243A2E00EF80DB /* NetworkError.swift */,
			);
			path = Network;
			sourceTree = "<group>";
		};
		B5AE66842722CBCF00EF80DB /* Resources */ = {
			isa = PBXGroup;
			children = (
				B5AE66772722CAB700EF80DB /* Assets.xcassets */,
				B5AE66742722CAB400EF80DB /* Main.storyboard */,
				B5AE66792722CAB700EF80DB /* LaunchScreen.storyboard */,
				B5AE669527244EB100EF80DB /* Questions.json */,
			);
			path = Resources;
			sourceTree = "<group>";
		};
		B5AE668D272438C600EF80DB /* View */ = {
			isa = PBXGroup;
			children = (
				B5AE66972724506E00EF80DB /* QuestionTableViewCell.swift */,
				B5AE6699272477E900EF80DB /* QuestionsView.swift */,
				B5AE669D2724BC1E00EF80DB /* DetailView.swift */,
			);
			path = View;
			sourceTree = "<group>";
		};
		B5AE668E272438DE00EF80DB /* Controllers */ = {
			isa = PBXGroup;
			children = (
				B5AE669B2724BBF700EF80DB /* DetailViewController.swift */,
				B5AE66722722CAB400EF80DB /* QuestionsViewController.swift */,
			);
			path = Controllers;
			sourceTree = "<group>";
		};
/* End PBXGroup section */

/* Begin PBXNativeTarget section */
		B5AE666A2722CAB400EF80DB /* Stack top Qs */ = {
			isa = PBXNativeTarget;
			buildConfigurationList = B5AE667F2722CAB700EF80DB /* Build configuration list for PBXNativeTarget "Stack top Qs" */;
			buildPhases = (
				B5AE66672722CAB400EF80DB /* Sources */,
				B5AE66682722CAB400EF80DB /* Frameworks */,
				B5AE66692722CAB400EF80DB /* Resources */,
			);
			buildRules = (
			);
			dependencies = (
			);
			name = "Stack top Qs";
			productName = "Stack top Qs";
			productReference = B5AE666B2722CAB400EF80DB /* Stack top Qs.app */;
			productType = "com.apple.product-type.application";
		};
/* End PBXNativeTarget section */

/* Begin PBXProject section */
		B5AE66632722CAB400EF80DB /* Project object */ = {
			isa = PBXProject;
			attributes = {
				BuildIndependentTargetsInParallel = 1;
				LastSwiftUpdateCheck = 1300;
				LastUpgradeCheck = 1300;
				TargetAttributes = {
					B5AE666A2722CAB400EF80DB = {
						CreatedOnToolsVersion = 13.0;
					};
				};
			};
			buildConfigurationList = B5AE66662722CAB400EF80DB /* Build configuration list for PBXProject "Stack top Qs" */;
			compatibilityVersion = "Xcode 13.0";
			developmentRegion = en;
			hasScannedForEncodings = 0;
			knownRegions = (
				en,
				Base,
			);
			mainGroup = B5AE66622722CAB400EF80DB;
			productRefGroup = B5AE666C2722CAB400EF80DB /* Products */;
			projectDirPath = "";
			projectRoot = "";
			targets = (
				B5AE666A2722CAB400EF80DB /* Stack top Qs */,
			);
		};
/* End PBXProject section */

/* Begin PBXResourcesBuildPhase section */
		B5AE66692722CAB400EF80DB /* Resources */ = {
			isa = PBXResourcesBuildPhase;
			buildActionMask = 2147483647;
			files = (
				B5AE667B2722CAB700EF80DB /* LaunchScreen.storyboard in Resources */,
				B5AE669627244EB100EF80DB /* Questions.json in Resources */,
				B5AE66782722CAB700EF80DB /* Assets.xcassets in Resources */,
				B5AE66762722CAB400EF80DB /* Main.storyboard in Resources */,
			);
			runOnlyForDeploymentPostprocessing = 0;
		};
/* End PBXResourcesBuildPhase section */

/* Begin PBXSourcesBuildPhase section */
		B5AE66672722CAB400EF80DB /* Sources */ = {
			isa = PBXSourcesBuildPhase;
			buildActionMask = 2147483647;
			files = (
				B5AE669C2724BBF700EF80DB /* DetailViewController.swift in Sources */,
				B5AE66982724506E00EF80DB /* QuestionTableViewCell.swift in Sources */,
				B5AE668C2722D64F00EF80DB /* NetworkRequest.swift in Sources */,
				B5AE669E2724BC1E00EF80DB /* DetailView.swift in Sources */,
				B5AE66922724400E00EF80DB /* QuestionsDataModel.swift in Sources */,
				B5AE669027243A2F00EF80DB /* NetworkError.swift in Sources */,
				B5AE66882722D02800EF80DB /* Question.swift in Sources */,
				B5AE66862722CC2800EF80DB /* User.swift in Sources */,
				B5AE66942724427B00EF80DB /* QuestionDataModel.swift in Sources */,
				B5AE66732722CAB400EF80DB /* QuestionsViewController.swift in Sources */,
				B5AE669A272477E900EF80DB /* QuestionsView.swift in Sources */,
				B5AE666F2722CAB400EF80DB /* AppDelegate.swift in Sources */,
				B5AE668A2722D19E00EF80DB /* APIResource.swift in Sources */,
				B5AE66712722CAB400EF80DB /* SceneDelegate.swift in Sources */,
			);
			runOnlyForDeploymentPostprocessing = 0;
		};
/* End PBXSourcesBuildPhase section */

/* Begin PBXVariantGroup section */
		B5AE66742722CAB400EF80DB /* Main.storyboard */ = {
			isa = PBXVariantGroup;
			children = (
				B5AE66752722CAB400EF80DB /* Base */,
			);
			name = Main.storyboard;
			sourceTree = "<group>";
		};
		B5AE66792722CAB700EF80DB /* LaunchScreen.storyboard */ = {
			isa = PBXVariantGroup;
			children = (
				B5AE667A2722CAB700EF80DB /* Base */,
			);
			name = LaunchScreen.storyboard;
			sourceTree = "<group>";
		};
/* End PBXVariantGroup section */

/* Begin XCBuildConfiguration section */
		B5AE667D2722CAB700EF80DB /* Debug */ = {
			isa = XCBuildConfiguration;
			buildSettings = {
				ALWAYS_SEARCH_USER_PATHS = NO;
				CLANG_ANALYZER_NONNULL = YES;
				CLANG_ANALYZER_NUMBER_OBJECT_CONVERSION = YES_AGGRESSIVE;
				CLANG_CXX_LANGUAGE_STANDARD = "gnu++17";
				CLANG_CXX_LIBRARY = "libc++";
				CLANG_ENABLE_MODULES = YES;
				CLANG_ENABLE_OBJC_ARC = YES;
				CLANG_ENABLE_OBJC_WEAK = YES;
				CLANG_WARN_BLOCK_CAPTURE_AUTORELEASING = YES;
				CLANG_WARN_BOOL_CONVERSION = YES;
				CLANG_WARN_COMMA = YES;
				CLANG_WARN_CONSTANT_CONVERSION = YES;
				CLANG_WARN_DEPRECATED_OBJC_IMPLEMENTATIONS = YES;
				CLANG_WARN_DIRECT_OBJC_ISA_USAGE = YES_ERROR;
				CLANG_WARN_DOCUMENTATION_COMMENTS = YES;
				CLANG_WARN_EMPTY_BODY = YES;
				CLANG_WARN_ENUM_CONVERSION = YES;
				CLANG_WARN_INFINITE_RECURSION = YES;
				CLANG_WARN_INT_CONVERSION = YES;
				CLANG_WARN_NON_LITERAL_NULL_CONVERSION = YES;
				CLANG_WARN_OBJC_IMPLICIT_RETAIN_SELF = YES;
				CLANG_WARN_OBJC_LITERAL_CONVERSION = YES;
				CLANG_WARN_OBJC_ROOT_CLASS = YES_ERROR;
				CLANG_WARN_QUOTED_INCLUDE_IN_FRAMEWORK_HEADER = YES;
				CLANG_WARN_RANGE_LOOP_ANALYSIS = YES;
				CLANG_WARN_STRICT_PROTOTYPES = YES;
				CLANG_WARN_SUSPICIOUS_MOVE = YES;
				CLANG_WARN_UNGUARDED_AVAILABILITY = YES_AGGRESSIVE;
				CLANG_WARN_UNREACHABLE_CODE = YES;
				CLANG_WARN__DUPLICATE_METHOD_MATCH = YES;
				COPY_PHASE_STRIP = NO;
				DEBUG_INFORMATION_FORMAT = dwarf;
				ENABLE_STRICT_OBJC_MSGSEND = YES;
				ENABLE_TESTABILITY = YES;
				GCC_C_LANGUAGE_STANDARD = gnu11;
				GCC_DYNAMIC_NO_PIC = NO;
				GCC_NO_COMMON_BLOCKS = YES;
				GCC_OPTIMIZATION_LEVEL = 0;
				GCC_PREPROCESSOR_DEFINITIONS = (
					"DEBUG=1",
					"$(inherited)",
				);
				GCC_WARN_64_TO_32_BIT_CONVERSION = YES;
				GCC_WARN_ABOUT_RETURN_TYPE = YES_ERROR;
				GCC_WARN_UNDECLARED_SELECTOR = YES;
				GCC_WARN_UNINITIALIZED_AUTOS = YES_AGGRESSIVE;
				GCC_WARN_UNUSED_FUNCTION = YES;
				GCC_WARN_UNUSED_VARIABLE = YES;
				IPHONEOS_DEPLOYMENT_TARGET = 15.0;
				MTL_ENABLE_DEBUG_INFO = INCLUDE_SOURCE;
				MTL_FAST_MATH = YES;
				ONLY_ACTIVE_ARCH = YES;
				SDKROOT = iphoneos;
				SWIFT_ACTIVE_COMPILATION_CONDITIONS = DEBUG;
				SWIFT_OPTIMIZATION_LEVEL = "-Onone";
			};
			name = Debug;
		};
		B5AE667E2722CAB700EF80DB /* Release */ = {
			isa = XCBuildConfiguration;
			buildSettings = {
				ALWAYS_SEARCH_USER_PATHS = NO;
				CLANG_ANALYZER_NONNULL = YES;
				CLANG_ANALYZER_NUMBER_OBJECT_CONVERSION = YES_AGGRESSIVE;
				CLANG_CXX_LANGUAGE_STANDARD = "gnu++17";
				CLANG_CXX_LIBRARY = "libc++";
				CLANG_ENABLE_MODULES = YES;
				CLANG_ENABLE_OBJC_ARC = YES;
				CLANG_ENABLE_OBJC_WEAK = YES;
				CLANG_WARN_BLOCK_CAPTURE_AUTORELEASING = YES;
				CLANG_WARN_BOOL_CONVERSION = YES;
				CLANG_WARN_COMMA = YES;
				CLANG_WARN_CONSTANT_CONVERSION = YES;
				CLANG_WARN_DEPRECATED_OBJC_IMPLEMENTATIONS = YES;
				CLANG_WARN_DIRECT_OBJC_ISA_USAGE = YES_ERROR;
				CLANG_WARN_DOCUMENTATION_COMMENTS = YES;
				CLANG_WARN_EMPTY_BODY = YES;
				CLANG_WARN_ENUM_CONVERSION = YES;
				CLANG_WARN_INFINITE_RECURSION = YES;
				CLANG_WARN_INT_CONVERSION = YES;
				CLANG_WARN_NON_LITERAL_NULL_CONVERSION = YES;
				CLANG_WARN_OBJC_IMPLICIT_RETAIN_SELF = YES;
				CLANG_WARN_OBJC_LITERAL_CONVERSION = YES;
				CLANG_WARN_OBJC_ROOT_CLASS = YES_ERROR;
				CLANG_WARN_QUOTED_INCLUDE_IN_FRAMEWORK_HEADER = YES;
				CLANG_WARN_RANGE_LOOP_ANALYSIS = YES;
				CLANG_WARN_STRICT_PROTOTYPES = YES;
				CLANG_WARN_SUSPICIOUS_MOVE = YES;
				CLANG_WARN_UNGUARDED_AVAILABILITY = YES_AGGRESSIVE;
				CLANG_WARN_UNREACHABLE_CODE = YES;
				CLANG_WARN__DUPLICATE_METHOD_MATCH = YES;
				COPY_PHASE_STRIP = NO;
				DEBUG_INFORMATION_FORMAT = "dwarf-with-dsym";
				ENABLE_NS_ASSERTIONS = NO;
				ENABLE_STRICT_OBJC_MSGSEND = YES;
				GCC_C_LANGUAGE_STANDARD = gnu11;
				GCC_NO_COMMON_BLOCKS = YES;
				GCC_WARN_64_TO_32_BIT_CONVERSION = YES;
				GCC_WARN_ABOUT_RETURN_TYPE = YES_ERROR;
				GCC_WARN_UNDECLARED_SELECTOR = YES;
				GCC_WARN_UNINITIALIZED_AUTOS = YES_AGGRESSIVE;
				GCC_WARN_UNUSED_FUNCTION = YES;
				GCC_WARN_UNUSED_VARIABLE = YES;
				IPHONEOS_DEPLOYMENT_TARGET = 15.0;
				MTL_ENABLE_DEBUG_INFO = NO;
				MTL_FAST_MATH = YES;
				SDKROOT = iphoneos;
				SWIFT_COMPILATION_MODE = wholemodule;
				SWIFT_OPTIMIZATION_LEVEL = "-O";
				VALIDATE_PRODUCT = YES;
			};
			name = Release;
		};
		B5AE66802722CAB700EF80DB /* Debug */ = {
			isa = XCBuildConfiguration;
			buildSettings = {
				ASSETCATALOG_COMPILER_APPICON_NAME = AppIcon;
				ASSETCATALOG_COMPILER_GLOBAL_ACCENT_COLOR_NAME = AccentColor;
				CODE_SIGN_STYLE = Automatic;
				CURRENT_PROJECT_VERSION = 1;
				DEVELOPMENT_TEAM = M99KT8NC3C;
				GENERATE_INFOPLIST_FILE = YES;
				INFOPLIST_FILE = "Stack top Qs/Info.plist";
				INFOPLIST_KEY_UIApplicationSupportsIndirectInputEvents = YES;
				INFOPLIST_KEY_UILaunchStoryboardName = LaunchScreen;
				INFOPLIST_KEY_UIMainStoryboardFile = Main;
				INFOPLIST_KEY_UISupportedInterfaceOrientations = UIInterfaceOrientationPortrait;
				INFOPLIST_KEY_UISupportedInterfaceOrientations_iPad = "UIInterfaceOrientationPortrait UIInterfaceOrientationPortraitUpsideDown UIInterfaceOrientationLandscapeLeft UIInterfaceOrientationLandscapeRight";
				INFOPLIST_KEY_UISupportedInterfaceOrientations_iPhone = "UIInterfaceOrientationPortrait UIInterfaceOrientationLandscapeLeft UIInterfaceOrientationLandscapeRight";
				LD_RUNPATH_SEARCH_PATHS = (
					"$(inherited)",
					"@executable_path/Frameworks",
				);
				MARKETING_VERSION = 1.0;
				PRODUCT_BUNDLE_IDENTIFIER = "mr-ilin-com.github.Stack-top-Qs";
				PRODUCT_NAME = "$(TARGET_NAME)";
				SWIFT_EMIT_LOC_STRINGS = YES;
				SWIFT_VERSION = 5.0;
				TARGETED_DEVICE_FAMILY = 1;
			};
			name = Debug;
		};
		B5AE66812722CAB700EF80DB /* Release */ = {
			isa = XCBuildConfiguration;
			buildSettings = {
				ASSETCATALOG_COMPILER_APPICON_NAME = AppIcon;
				ASSETCATALOG_COMPILER_GLOBAL_ACCENT_COLOR_NAME = AccentColor;
				CODE_SIGN_STYLE = Automatic;
				CURRENT_PROJECT_VERSION = 1;
				DEVELOPMENT_TEAM = M99KT8NC3C;
				GENERATE_INFOPLIST_FILE = YES;
				INFOPLIST_FILE = "Stack top Qs/Info.plist";
				INFOPLIST_KEY_UIApplicationSupportsIndirectInputEvents = YES;
				INFOPLIST_KEY_UILaunchStoryboardName = LaunchScreen;
				INFOPLIST_KEY_UIMainStoryboardFile = Main;
				INFOPLIST_KEY_UISupportedInterfaceOrientations = UIInterfaceOrientationPortrait;
				INFOPLIST_KEY_UISupportedInterfaceOrientations_iPad = "UIInterfaceOrientationPortrait UIInterfaceOrientationPortraitUpsideDown UIInterfaceOrientationLandscapeLeft UIInterfaceOrientationLandscapeRight";
				INFOPLIST_KEY_UISupportedInterfaceOrientations_iPhone = "UIInterfaceOrientationPortrait UIInterfaceOrientationLandscapeLeft UIInterfaceOrientationLandscapeRight";
				LD_RUNPATH_SEARCH_PATHS = (
					"$(inherited)",
					"@executable_path/Frameworks",
				);
				MARKETING_VERSION = 1.0;
				PRODUCT_BUNDLE_IDENTIFIER = "mr-ilin-com.github.Stack-top-Qs";
				PRODUCT_NAME = "$(TARGET_NAME)";
				SWIFT_EMIT_LOC_STRINGS = YES;
				SWIFT_VERSION = 5.0;
				TARGETED_DEVICE_FAMILY = 1;
			};
			name = Release;
		};
/* End XCBuildConfiguration section */

/* Begin XCConfigurationList section */
		B5AE66662722CAB400EF80DB /* Build configuration list for PBXProject "Stack top Qs" */ = {
			isa = XCConfigurationList;
			buildConfigurations = (
				B5AE667D2722CAB700EF80DB /* Debug */,
				B5AE667E2722CAB700EF80DB /* Release */,
			);
			defaultConfigurationIsVisible = 0;
			defaultConfigurationName = Release;
		};
		B5AE667F2722CAB700EF80DB /* Build configuration list for PBXNativeTarget "Stack top Qs" */ = {
			isa = XCConfigurationList;
			buildConfigurations = (
				B5AE66802722CAB700EF80DB /* Debug */,
				B5AE66812722CAB700EF80DB /* Release */,
			);
			defaultConfigurationIsVisible = 0;
			defaultConfigurationName = Release;
		};
/* End XCConfigurationList section */
	};
	rootObject = B5AE66632722CAB400EF80DB /* Project object */;
}
